
Microsoft Visual Studio Solution File, Format Version 12.00
# Visual Studio 15
VisualStudioVersion = 15.0.27130.2003
MinimumVisualStudioVersion = 10.0.40219.1
Project("{FAE04EC0-301F-11D3-BF4B-00C04F79EFBC}") = "OfficeTerminator", "OfficeTerminator\OfficeTerminator.csproj", "{EA5F115A-3B83-4B41-9760-D533795D3DC1}"
EndProject
Project("{FAE04EC0-301F-11D3-BF4B-00C04F79EFBC}") = "OfficeTerminatorTest", "OfficeTerminatorTest\OfficeTerminatorTest.csproj", "{52393DB5-A781-463B-A319-DFAA52A9B668}"
EndProject
Project("{FAE04EC0-301F-11D3-BF4B-00C04F79EFBC}") = "SystemTrayApp", "SystemTrayApp\SystemTrayApp.csproj", "{9798FFE3-A100-479A-8246-D5322355901F}"
EndProject
Global
	GlobalSection(SolutionConfigurationPlatforms) = preSolution
		Debug|Any CPU = Debug|Any CPU
		Release|Any CPU = Release|Any CPU
	EndGlobalSection
	GlobalSection(ProjectConfigurationPlatforms) = postSolution
		{EA5F115A-3B83-4B41-9760-D533795D3DC1}.Debug|Any CPU.ActiveCfg = Debug|Any CPU
		{EA5F115A-3B83-4B41-9760-D533795D3DC1}.Debug|Any CPU.Build.0 = Debug|Any CPU
		{EA5F115A-3B83-4B41-9760-D533795D3DC1}.Release|Any CPU.ActiveCfg = Release|Any CPU
		{EA5F115A-3B83-4B41-9760-D533795D3DC1}.Release|Any CPU.Build.0 = Release|Any CPU
		{52393DB5-A781-463B-A319-DFAA52A9B668}.Debug|Any CPU.ActiveCfg = Debug|Any CPU
		{52393DB5-A781-463B-A319-DFAA52A9B668}.Debug|Any CPU.Build.0 = Debug|Any CPU
		{52393DB5-A781-463B-A319-DFAA52A9B668}.Release|Any CPU.ActiveCfg = Release|Any CPU
		{52393DB5-A781-463B-A319-DFAA52A9B668}.Release|Any CPU.Build.0 = Release|Any CPU
		{9798FFE3-A100-479A-8246-D5322355901F}.Debug|Any CPU.ActiveCfg = Debug|Any CPU
		{9798FFE3-A100-479A-8246-D5322355901F}.Debug|Any CPU.Build.0 = Debug|Any CPU
		{9798FFE3-A100-479A-8246-D5322355901F}.Release|Any CPU.ActiveCfg = Release|Any CPU
		{9798FFE3-A100-479A-8246-D5322355901F}.Release|Any CPU.Build.0 = Release|Any CPU
	EndGlobalSection
	GlobalSection(SolutionProperties) = preSolution
		HideSolutionNode = FALSE
	EndGlobalSection
	GlobalSection(ExtensibilityGlobals) = postSolution
		SolutionGuid = {24FC0443-F8DC-4CCB-8A5F-9CB1F5BE3050}
	EndGlobalSection
EndGlobal
